
Microsoft Visual Studio Solution File, Format Version 12.00
# Visual Studio Version 16
VisualStudioVersion = 16.0.30804.86
MinimumVisualStudioVersion = 10.0.40219.1
Project("{FAE04EC0-301F-11D3-BF4B-00C04F79EFBC}") = "ExcelToUnity2", "ExcelToUnity2\ExcelToUnity2.csproj", "{07B07ABA-54BF-450D-B38D-AE4E9F7B831A}"
EndProject
Project("{FAE04EC0-301F-11D3-BF4B-00C04F79EFBC}") = "ExcelModelBase", "ExcelModelBase\ExcelModelBase.csproj", "{1A45EF0D-C9B2-487E-A698-CE03B775A765}"
EndProject
Global
	GlobalSection(SolutionConfigurationPlatforms) = preSolution
		Debug|Any CPU = Debug|Any CPU
		Release|Any CPU = Release|Any CPU
	EndGlobalSection
	GlobalSection(ProjectConfigurationPlatforms) = postSolution
		{07B07ABA-54BF-450D-B38D-AE4E9F7B831A}.Debug|Any CPU.ActiveCfg = Debug|Any CPU
		{07B07ABA-54BF-450D-B38D-AE4E9F7B831A}.Debug|Any CPU.Build.0 = Debug|Any CPU
		{07B07ABA-54BF-450D-B38D-AE4E9F7B831A}.Release|Any CPU.ActiveCfg = Release|Any CPU
		{07B07ABA-54BF-450D-B38D-AE4E9F7B831A}.Release|Any CPU.Build.0 = Release|Any CPU
		{1A45EF0D-C9B2-487E-A698-CE03B775A765}.Debug|Any CPU.ActiveCfg = Debug|Any CPU
		{1A45EF0D-C9B2-487E-A698-CE03B775A765}.Debug|Any CPU.Build.0 = Debug|Any CPU
		{1A45EF0D-C9B2-487E-A698-CE03B775A765}.Release|Any CPU.ActiveCfg = Release|Any CPU
		{1A45EF0D-C9B2-487E-A698-CE03B775A765}.Release|Any CPU.Build.0 = Release|Any CPU
	EndGlobalSection
	GlobalSection(SolutionProperties) = preSolution
		HideSolutionNode = FALSE
	EndGlobalSection
	GlobalSection(ExtensibilityGlobals) = postSolution
		SolutionGuid = {C9D9B3EF-FFC6-46B4-875E-9F391A89AFEF}
	EndGlobalSection
EndGlobal
